
Microsoft Visual Studio Solution File, Format Version 12.00
# Visual Studio Version 16
VisualStudioVersion = 16.0.29613.14
MinimumVisualStudioVersion = 10.0.40219.1
Project("{FAE04EC0-301F-11D3-BF4B-00C04F79EFBC}") = "zad9_stringSort", "zad9_stringSort\zad9_stringSort.csproj", "{30E335D1-C149-45C2-BF50-72CA340EFE67}"
EndProject
Global
	GlobalSection(SolutionConfigurationPlatforms) = preSolution
		Debug|Any CPU = Debug|Any CPU
		Release|Any CPU = Release|Any CPU
	EndGlobalSection
	GlobalSection(ProjectConfigurationPlatforms) = postSolution
		{30E335D1-C149-45C2-BF50-72CA340EFE67}.Debug|Any CPU.ActiveCfg = Debug|Any CPU
		{30E335D1-C149-45C2-BF50-72CA340EFE67}.Debug|Any CPU.Build.0 = Debug|Any CPU
		{30E335D1-C149-45C2-BF50-72CA340EFE67}.Release|Any CPU.ActiveCfg = Release|Any CPU
		{30E335D1-C149-45C2-BF50-72CA340EFE67}.Release|Any CPU.Build.0 = Release|Any CPU
	EndGlobalSection
	GlobalSection(SolutionProperties) = preSolution
		HideSolutionNode = FALSE
	EndGlobalSection
	GlobalSection(ExtensibilityGlobals) = postSolution
		SolutionGuid = {E6D23C25-A06E-48ED-8F59-251A21079CBD}
	EndGlobalSection
EndGlobal
